// !$*UTF8*$!
{
	archiveVersion = 1;
	classes = {
	};
	objectVersion = 48;
	objects = {

/* Begin PBXBuildFile section */
		FE3F036E1FFE060E009EAEB8 /* AppDelegate.swift in Sources */ = {isa = PBXBuildFile; fileRef = FE3F036D1FFE060E009EAEB8 /* AppDelegate.swift */; };
		FE3F03701FFE060E009EAEB8 /* ViewController.swift in Sources */ = {isa = PBXBuildFile; fileRef = FE3F036F1FFE060E009EAEB8 /* ViewController.swift */; };
		FE3F03731FFE060E009EAEB8 /* Main.storyboard in Resources */ = {isa = PBXBuildFile; fileRef = FE3F03711FFE060E009EAEB8 /* Main.storyboard */; };
		FE3F03751FFE060E009EAEB8 /* Assets.xcassets in Resources */ = {isa = PBXBuildFile; fileRef = FE3F03741FFE060E009EAEB8 /* Assets.xcassets */; };
		FE3F03781FFE060E009EAEB8 /* LaunchScreen.storyboard in Resources */ = {isa = PBXBuildFile; fileRef = FE3F03761FFE060E009EAEB8 /* LaunchScreen.storyboard */; };
		FE3F03831FFE060E009EAEB8 /* MarvellAppTests.swift in Sources */ = {isa = PBXBuildFile; fileRef = FE3F03821FFE060E009EAEB8 /* MarvellAppTests.swift */; };
		FE3F038E1FFE060E009EAEB8 /* MarvellAppUITests.swift in Sources */ = {isa = PBXBuildFile; fileRef = FE3F038D1FFE060E009EAEB8 /* MarvellAppUITests.swift */; };
/* End PBXBuildFile section */

/* Begin PBXContainerItemProxy section */
		FE3F037F1FFE060E009EAEB8 /* PBXContainerItemProxy */ = {
			isa = PBXContainerItemProxy;
			containerPortal = FE3F03621FFE060E009EAEB8 /* Project object */;
			proxyType = 1;
			remoteGlobalIDString = FE3F03691FFE060E009EAEB8;
			remoteInfo = MarvellApp;
		};
		FE3F038A1FFE060E009EAEB8 /* PBXContainerItemProxy */ = {
			isa = PBXContainerItemProxy;
			containerPortal = FE3F03621FFE060E009EAEB8 /* Project object */;
			proxyType = 1;
			remoteGlobalIDString = FE3F03691FFE060E009EAEB8;
			remoteInfo = MarvellApp;
		};
/* End PBXContainerItemProxy section */

/* Begin PBXFileReference section */
		FE3F036A1FFE060E009EAEB8 /* MarvellApp.app */ = {isa = PBXFileReference; explicitFileType = wrapper.application; includeInIndex = 0; path = MarvellApp.app; sourceTree = BUILT_PRODUCTS_DIR; };
		FE3F036D1FFE060E009EAEB8 /* AppDelegate.swift */ = {isa = PBXFileReference; lastKnownFileType = sourcecode.swift; path = AppDelegate.swift; sourceTree = "<group>"; };
		FE3F036F1FFE060E009EAEB8 /* ViewController.swift */ = {isa = PBXFileReference; lastKnownFileType = sourcecode.swift; path = ViewController.swift; sourceTree = "<group>"; };
		FE3F03721FFE060E009EAEB8 /* Base */ = {isa = PBXFileReference; lastKnownFileType = file.storyboard; name = Base; path = Base.lproj/Main.storyboard; sourceTree = "<group>"; };
		FE3F03741FFE060E009EAEB8 /* Assets.xcassets */ = {isa = PBXFileReference; lastKnownFileType = folder.assetcatalog; path = Assets.xcassets; sourceTree = "<group>"; };
		FE3F03771FFE060E009EAEB8 /* Base */ = {isa = PBXFileReference; lastKnownFileType = file.storyboard; name = Base; path = Base.lproj/LaunchScreen.storyboard; sourceTree = "<group>"; };
		FE3F03791FFE060E009EAEB8 /* Info.plist */ = {isa = PBXFileReference; lastKnownFileType = text.plist.xml; path = Info.plist; sourceTree = "<group>"; };
		FE3F037E1FFE060E009EAEB8 /* MarvellAppTests.xctest */ = {isa = PBXFileReference; explicitFileType = wrapper.cfbundle; includeInIndex = 0; path = MarvellAppTests.xctest; sourceTree = BUILT_PRODUCTS_DIR; };
		FE3F03821FFE060E009EAEB8 /* MarvellAppTests.swift */ = {isa = PBXFileReference; lastKnownFileType = sourcecode.swift; path = MarvellAppTests.swift; sourceTree = "<group>"; };
		FE3F03841FFE060E009EAEB8 /* Info.plist */ = {isa = PBXFileReference; lastKnownFileType = text.plist.xml; path = Info.plist; sourceTree = "<group>"; };
		FE3F03891FFE060E009EAEB8 /* MarvellAppUITests.xctest */ = {isa = PBXFileReference; explicitFileType = wrapper.cfbundle; includeInIndex = 0; path = MarvellAppUITests.xctest; sourceTree = BUILT_PRODUCTS_DIR; };
		FE3F038D1FFE060E009EAEB8 /* MarvellAppUITests.swift */ = {isa = PBXFileReference; lastKnownFileType = sourcecode.swift; path = MarvellAppUITests.swift; sourceTree = "<group>"; };
		FE3F038F1FFE060E009EAEB8 /* Info.plist */ = {isa = PBXFileReference; lastKnownFileType = text.plist.xml; path = Info.plist; sourceTree = "<group>"; };
/* End PBXFileReference section */

/* Begin PBXFrameworksBuildPhase section */
		FE3F03671FFE060E009EAEB8 /* Frameworks */ = {
			isa = PBXFrameworksBuildPhase;
			buildActionMask = 2147483647;
			files = (
			);
			runOnlyForDeploymentPostprocessing = 0;
		};
		FE3F037B1FFE060E009EAEB8 /* Frameworks */ = {
			isa = PBXFrameworksBuildPhase;
			buildActionMask = 2147483647;
			files = (
			);
			runOnlyForDeploymentPostprocessing = 0;
		};
		FE3F03861FFE060E009EAEB8 /* Frameworks */ = {
			isa = PBXFrameworksBuildPhase;
			buildActionMask = 2147483647;
			files = (
			);
			runOnlyForDeploymentPostprocessing = 0;
		};
/* End PBXFrameworksBuildPhase section */

/* Begin PBXGroup section */
		FE3F03611FFE060E009EAEB8 = {
			isa = PBXGroup;
			children = (
				FE3F036C1FFE060E009EAEB8 /* MarvellApp */,
				FE3F03811FFE060E009EAEB8 /* MarvellAppTests */,
				FE3F038C1FFE060E009EAEB8 /* MarvellAppUITests */,
				FE3F036B1FFE060E009EAEB8 /* Products */,
			);
			sourceTree = "<group>";
		};
		FE3F036B1FFE060E009EAEB8 /* Products */ = {
			isa = PBXGroup;
			children = (
				FE3F036A1FFE060E009EAEB8 /* MarvellApp.app */,
				FE3F037E1FFE060E009EAEB8 /* MarvellAppTests.xctest */,
				FE3F03891FFE060E009EAEB8 /* MarvellAppUITests.xctest */,
			);
			name = Products;
			sourceTree = "<group>";
		};
		FE3F036C1FFE060E009EAEB8 /* MarvellApp */ = {
			isa = PBXGroup;
			children = (
				FE3F036D1FFE060E009EAEB8 /* AppDelegate.swift */,
				FE3F036F1FFE060E009EAEB8 /* ViewController.swift */,
				FE3F03711FFE060E009EAEB8 /* Main.storyboard */,
				FE3F03741FFE060E009EAEB8 /* Assets.xcassets */,
				FE3F03761FFE060E009EAEB8 /* LaunchScreen.storyboard */,
				FE3F03791FFE060E009EAEB8 /* Info.plist */,
			);
			path = MarvellApp;
			sourceTree = "<group>";
		};
		FE3F03811FFE060E009EAEB8 /* MarvellAppTests */ = {
			isa = PBXGroup;
			children = (
				FE3F03821FFE060E009EAEB8 /* MarvellAppTests.swift */,
				FE3F03841FFE060E009EAEB8 /* Info.plist */,
			);
			path = MarvellAppTests;
			sourceTree = "<group>";
		};
		FE3F038C1FFE060E009EAEB8 /* MarvellAppUITests */ = {
			isa = PBXGroup;
			children = (
				FE3F038D1FFE060E009EAEB8 /* MarvellAppUITests.swift */,
				FE3F038F1FFE060E009EAEB8 /* Info.plist */,
			);
			path = MarvellAppUITests;
			sourceTree = "<group>";
		};
/* End PBXGroup section */

/* Begin PBXNativeTarget section */
		FE3F03691FFE060E009EAEB8 /* MarvellApp */ = {
			isa = PBXNativeTarget;
			buildConfigurationList = FE3F03921FFE060E009EAEB8 /* Build configuration list for PBXNativeTarget "MarvellApp" */;
			buildPhases = (
				FE3F03661FFE060E009EAEB8 /* Sources */,
				FE3F03671FFE060E009EAEB8 /* Frameworks */,
				FE3F03681FFE060E009EAEB8 /* Resources */,
			);
			buildRules = (
			);
			dependencies = (
			);
			name = MarvellApp;
			productName = MarvellApp;
			productReference = FE3F036A1FFE060E009EAEB8 /* MarvellApp.app */;
			productType = "com.apple.product-type.application";
		};
		FE3F037D1FFE060E009EAEB8 /* MarvellAppTests */ = {
			isa = PBXNativeTarget;
			buildConfigurationList = FE3F03951FFE060E009EAEB8 /* Build configuration list for PBXNativeTarget "MarvellAppTests" */;
			buildPhases = (
				FE3F037A1FFE060E009EAEB8 /* Sources */,
				FE3F037B1FFE060E009EAEB8 /* Frameworks */,
				FE3F037C1FFE060E009EAEB8 /* Resources */,
			);
			buildRules = (
			);
			dependencies = (
				FE3F03801FFE060E009EAEB8 /* PBXTargetDependency */,
			);
			name = MarvellAppTests;
			productName = MarvellAppTests;
			productReference = FE3F037E1FFE060E009EAEB8 /* MarvellAppTests.xctest */;
			productType = "com.apple.product-type.bundle.unit-test";
		};
		FE3F03881FFE060E009EAEB8 /* MarvellAppUITests */ = {
			isa = PBXNativeTarget;
			buildConfigurationList = FE3F03981FFE060E009EAEB8 /* Build configuration list for PBXNativeTarget "MarvellAppUITests" */;
			buildPhases = (
				FE3F03851FFE060E009EAEB8 /* Sources */,
				FE3F03861FFE060E009EAEB8 /* Frameworks */,
				FE3F03871FFE060E009EAEB8 /* Resources */,
			);
			buildRules = (
			);
			dependencies = (
				FE3F038B1FFE060E009EAEB8 /* PBXTargetDependency */,
			);
			name = MarvellAppUITests;
			productName = MarvellAppUITests;
			productReference = FE3F03891FFE060E009EAEB8 /* MarvellAppUITests.xctest */;
			productType = "com.apple.product-type.bundle.ui-testing";
		};
/* End PBXNativeTarget section */

/* Begin PBXProject section */
		FE3F03621FFE060E009EAEB8 /* Project object */ = {
			isa = PBXProject;
			attributes = {
				LastSwiftUpdateCheck = 0900;
				LastUpgradeCheck = 0900;
				ORGANIZATIONNAME = Salama;
				TargetAttributes = {
					FE3F03691FFE060E009EAEB8 = {
						CreatedOnToolsVersion = 9.0;
						ProvisioningStyle = Automatic;
					};
					FE3F037D1FFE060E009EAEB8 = {
						CreatedOnToolsVersion = 9.0;
						ProvisioningStyle = Automatic;
						TestTargetID = FE3F03691FFE060E009EAEB8;
					};
					FE3F03881FFE060E009EAEB8 = {
						CreatedOnToolsVersion = 9.0;
						ProvisioningStyle = Automatic;
						TestTargetID = FE3F03691FFE060E009EAEB8;
					};
				};
			};
			buildConfigurationList = FE3F03651FFE060E009EAEB8 /* Build configuration list for PBXProject "MarvellApp" */;
			compatibilityVersion = "Xcode 8.0";
			developmentRegion = en;
			hasScannedForEncodings = 0;
			knownRegions = (
				en,
				Base,
			);
			mainGroup = FE3F03611FFE060E009EAEB8;
			productRefGroup = FE3F036B1FFE060E009EAEB8 /* Products */;
			projectDirPath = "";
			projectRoot = "";
			targets = (
				FE3F03691FFE060E009EAEB8 /* MarvellApp */,
				FE3F037D1FFE060E009EAEB8 /* MarvellAppTests */,
				FE3F03881FFE060E009EAEB8 /* MarvellAppUITests */,
			);
		};
/* End PBXProject section */

/* Begin PBXResourcesBuildPhase section */
		FE3F03681FFE060E009EAEB8 /* Resources */ = {
			isa = PBXResourcesBuildPhase;
			buildActionMask = 2147483647;
			files = (
				FE3F03781FFE060E009EAEB8 /* LaunchScreen.storyboard in Resources */,
				FE3F03751FFE060E009EAEB8 /* Assets.xcassets in Resources */,
				FE3F03731FFE060E009EAEB8 /* Main.storyboard in Resources */,
			);
			runOnlyForDeploymentPostprocessing = 0;
		};
		FE3F037C1FFE060E009EAEB8 /* Resources */ = {
			isa = PBXResourcesBuildPhase;
			buildActionMask = 2147483647;
			files = (
			);
			runOnlyForDeploymentPostprocessing = 0;
		};
		FE3F03871FFE060E009EAEB8 /* Resources */ = {
			isa = PBXResourcesBuildPhase;
			buildActionMask = 2147483647;
			files = (
			);
			runOnlyForDeploymentPostprocessing = 0;
		};
/* End PBXResourcesBuildPhase section */

/* Begin PBXSourcesBuildPhase section */
		FE3F03661FFE060E009EAEB8 /* Sources */ = {
			isa = PBXSourcesBuildPhase;
			buildActionMask = 2147483647;
			files = (
				FE3F03701FFE060E009EAEB8 /* ViewController.swift in Sources */,
				FE3F036E1FFE060E009EAEB8 /* AppDelegate.swift in Sources */,
			);
			runOnlyForDeploymentPostprocessing = 0;
		};
		FE3F037A1FFE060E009EAEB8 /* Sources */ = {
			isa = PBXSourcesBuildPhase;
			buildActionMask = 2147483647;
			files = (
				FE3F03831FFE060E009EAEB8 /* MarvellAppTests.swift in Sources */,
			);
			runOnlyForDeploymentPostprocessing = 0;
		};
		FE3F03851FFE060E009EAEB8 /* Sources */ = {
			isa = PBXSourcesBuildPhase;
			buildActionMask = 2147483647;
			files = (
				FE3F038E1FFE060E009EAEB8 /* MarvellAppUITests.swift in Sources */,
			);
			runOnlyForDeploymentPostprocessing = 0;
		};
/* End PBXSourcesBuildPhase section */

/* Begin PBXTargetDependency section */
		FE3F03801FFE060E009EAEB8 /* PBXTargetDependency */ = {
			isa = PBXTargetDependency;
			target = FE3F03691FFE060E009EAEB8 /* MarvellApp */;
			targetProxy = FE3F037F1FFE060E009EAEB8 /* PBXContainerItemProxy */;
		};
		FE3F038B1FFE060E009EAEB8 /* PBXTargetDependency */ = {
			isa = PBXTargetDependency;
			target = FE3F03691FFE060E009EAEB8 /* MarvellApp */;
			targetProxy = FE3F038A1FFE060E009EAEB8 /* PBXContainerItemProxy */;
		};
/* End PBXTargetDependency section */

/* Begin PBXVariantGroup section */
		FE3F03711FFE060E009EAEB8 /* Main.storyboard */ = {
			isa = PBXVariantGroup;
			children = (
				FE3F03721FFE060E009EAEB8 /* Base */,
			);
			name = Main.storyboard;
			sourceTree = "<group>";
		};
		FE3F03761FFE060E009EAEB8 /* LaunchScreen.storyboard */ = {
			isa = PBXVariantGroup;
			children = (
				FE3F03771FFE060E009EAEB8 /* Base */,
			);
			name = LaunchScreen.storyboard;
			sourceTree = "<group>";
		};
/* End PBXVariantGroup section */

/* Begin XCBuildConfiguration section */
		FE3F03901FFE060E009EAEB8 /* Debug */ = {
			isa = XCBuildConfiguration;
			buildSettings = {
				ALWAYS_SEARCH_USER_PATHS = NO;
				CLANG_ANALYZER_NONNULL = YES;
				CLANG_ANALYZER_NUMBER_OBJECT_CONVERSION = YES_AGGRESSIVE;
				CLANG_CXX_LANGUAGE_STANDARD = "gnu++14";
				CLANG_CXX_LIBRARY = "libc++";
				CLANG_ENABLE_MODULES = YES;
				CLANG_ENABLE_OBJC_ARC = YES;
				CLANG_WARN_BLOCK_CAPTURE_AUTORELEASING = YES;
				CLANG_WARN_BOOL_CONVERSION = YES;
				CLANG_WARN_COMMA = YES;
				CLANG_WARN_CONSTANT_CONVERSION = YES;
				CLANG_WARN_DIRECT_OBJC_ISA_USAGE = YES_ERROR;
				CLANG_WARN_DOCUMENTATION_COMMENTS = YES;
				CLANG_WARN_EMPTY_BODY = YES;
				CLANG_WARN_ENUM_CONVERSION = YES;
				CLANG_WARN_INFINITE_RECURSION = YES;
				CLANG_WARN_INT_CONVERSION = YES;
				CLANG_WARN_NON_LITERAL_NULL_CONVERSION = YES;
				CLANG_WARN_OBJC_LITERAL_CONVERSION = YES;
				CLANG_WARN_OBJC_ROOT_CLASS = YES_ERROR;
				CLANG_WARN_RANGE_LOOP_ANALYSIS = YES;
				CLANG_WARN_STRICT_PROTOTYPES = YES;
				CLANG_WARN_SUSPICIOUS_MOVE = YES;
				CLANG_WARN_UNGUARDED_AVAILABILITY = YES_AGGRESSIVE;
				CLANG_WARN_UNREACHABLE_CODE = YES;
				CLANG_WARN__DUPLICATE_METHOD_MATCH = YES;
				CODE_SIGN_IDENTITY = "iPhone Developer";
				COPY_PHASE_STRIP = NO;
				DEBUG_INFORMATION_FORMAT = dwarf;
				ENABLE_STRICT_OBJC_MSGSEND = YES;
				ENABLE_TESTABILITY = YES;
				GCC_C_LANGUAGE_STANDARD = gnu11;
				GCC_DYNAMIC_NO_PIC = NO;
				GCC_NO_COMMON_BLOCKS = YES;
				GCC_OPTIMIZATION_LEVEL = 0;
				GCC_PREPROCESSOR_DEFINITIONS = (
					"DEBUG=1",
					"$(inherited)",
				);
				GCC_WARN_64_TO_32_BIT_CONVERSION = YES;
				GCC_WARN_ABOUT_RETURN_TYPE = YES_ERROR;
				GCC_WARN_UNDECLARED_SELECTOR = YES;
				GCC_WARN_UNINITIALIZED_AUTOS = YES_AGGRESSIVE;
				GCC_WARN_UNUSED_FUNCTION = YES;
				GCC_WARN_UNUSED_VARIABLE = YES;
				IPHONEOS_DEPLOYMENT_TARGET = 11.0;
				MTL_ENABLE_DEBUG_INFO = YES;
				ONLY_ACTIVE_ARCH = YES;
				SDKROOT = iphoneos;
				SWIFT_ACTIVE_COMPILATION_CONDITIONS = DEBUG;
				SWIFT_OPTIMIZATION_LEVEL = "-Onone";
			};
			name = Debug;
		};
		FE3F03911FFE060E009EAEB8 /* Release */ = {
			isa = XCBuildConfiguration;
			buildSettings = {
				ALWAYS_SEARCH_USER_PATHS = NO;
				CLANG_ANALYZER_NONNULL = YES;
				CLANG_ANALYZER_NUMBER_OBJECT_CONVERSION = YES_AGGRESSIVE;
				CLANG_CXX_LANGUAGE_STANDARD = "gnu++14";
				CLANG_CXX_LIBRARY = "libc++";
				CLANG_ENABLE_MODULES = YES;
				CLANG_ENABLE_OBJC_ARC = YES;
				CLANG_WARN_BLOCK_CAPTURE_AUTORELEASING = YES;
				CLANG_WARN_BOOL_CONVERSION = YES;
				CLANG_WARN_COMMA = YES;
				CLANG_WARN_CONSTANT_CONVERSION = YES;
				CLANG_WARN_DIRECT_OBJC_ISA_USAGE = YES_ERROR;
				CLANG_WARN_DOCUMENTATION_COMMENTS = YES;
				CLANG_WARN_EMPTY_BODY = YES;
				CLANG_WARN_ENUM_CONVERSION = YES;
				CLANG_WARN_INFINITE_RECURSION = YES;
				CLANG_WARN_INT_CONVERSION = YES;
				CLANG_WARN_NON_LITERAL_NULL_CONVERSION = YES;
				CLANG_WARN_OBJC_LITERAL_CONVERSION = YES;
				CLANG_WARN_OBJC_ROOT_CLASS = YES_ERROR;
				CLANG_WARN_RANGE_LOOP_ANALYSIS = YES;
				CLANG_WARN_STRICT_PROTOTYPES = YES;
				CLANG_WARN_SUSPICIOUS_MOVE = YES;
				CLANG_WARN_UNGUARDED_AVAILABILITY = YES_AGGRESSIVE;
				CLANG_WARN_UNREACHABLE_CODE = YES;
				CLANG_WARN__DUPLICATE_METHOD_MATCH = YES;
				CODE_SIGN_IDENTITY = "iPhone Developer";
				COPY_PHASE_STRIP = NO;
				DEBUG_INFORMATION_FORMAT = "dwarf-with-dsym";
				ENABLE_NS_ASSERTIONS = NO;
				ENABLE_STRICT_OBJC_MSGSEND = YES;
				GCC_C_LANGUAGE_STANDARD = gnu11;
				GCC_NO_COMMON_BLOCKS = YES;
				GCC_WARN_64_TO_32_BIT_CONVERSION = YES;
				GCC_WARN_ABOUT_RETURN_TYPE = YES_ERROR;
				GCC_WARN_UNDECLARED_SELECTOR = YES;
				GCC_WARN_UNINITIALIZED_AUTOS = YES_AGGRESSIVE;
				GCC_WARN_UNUSED_FUNCTION = YES;
				GCC_WARN_UNUSED_VARIABLE = YES;
				IPHONEOS_DEPLOYMENT_TARGET = 11.0;
				MTL_ENABLE_DEBUG_INFO = NO;
				SDKROOT = iphoneos;
				SWIFT_OPTIMIZATION_LEVEL = "-Owholemodule";
				VALIDATE_PRODUCT = YES;
			};
			name = Release;
		};
		FE3F03931FFE060E009EAEB8 /* Debug */ = {
			isa = XCBuildConfiguration;
			buildSettings = {
				ASSETCATALOG_COMPILER_APPICON_NAME = AppIcon;
				CODE_SIGN_STYLE = Automatic;
				INFOPLIST_FILE = MarvellApp/Info.plist;
				LD_RUNPATH_SEARCH_PATHS = "$(inherited) @executable_path/Frameworks";
				PRODUCT_BUNDLE_IDENTIFIER = xxx.MarvellApp;
				PRODUCT_NAME = "$(TARGET_NAME)";
				SWIFT_VERSION = 4.0;
				TARGETED_DEVICE_FAMILY = "1,2";
			};
			name = Debug;
		};
		FE3F03941FFE060E009EAEB8 /* Release */ = {
			isa = XCBuildConfiguration;
			buildSettings = {
				ASSETCATALOG_COMPILER_APPICON_NAME = AppIcon;
				CODE_SIGN_STYLE = Automatic;
				INFOPLIST_FILE = MarvellApp/Info.plist;
				LD_RUNPATH_SEARCH_PATHS = "$(inherited) @executable_path/Frameworks";
				PRODUCT_BUNDLE_IDENTIFIER = xxx.MarvellApp;
				PRODUCT_NAME = "$(TARGET_NAME)";
				SWIFT_VERSION = 4.0;
				TARGETED_DEVICE_FAMILY = "1,2";
			};
			name = Release;
		};
		FE3F03961FFE060E009EAEB8 /* Debug */ = {
			isa = XCBuildConfiguration;
			buildSettings = {
				ALWAYS_EMBED_SWIFT_STANDARD_LIBRARIES = YES;
				BUNDLE_LOADER = "$(TEST_HOST)";
				CODE_SIGN_STYLE = Automatic;
				INFOPLIST_FILE = MarvellAppTests/Info.plist;
				LD_RUNPATH_SEARCH_PATHS = "$(inherited) @executable_path/Frameworks @loader_path/Frameworks";
				PRODUCT_BUNDLE_IDENTIFIER = xxx.MarvellAppTests;
				PRODUCT_NAME = "$(TARGET_NAME)";
				SWIFT_VERSION = 4.0;
				TARGETED_DEVICE_FAMILY = "1,2";
				TEST_HOST = "$(BUILT_PRODUCTS_DIR)/MarvellApp.app/MarvellApp";
			};
			name = Debug;
		};
		FE3F03971FFE060E009EAEB8 /* Release */ = {
			isa = XCBuildConfiguration;
			buildSettings = {
				ALWAYS_EMBED_SWIFT_STANDARD_LIBRARIES = YES;
				BUNDLE_LOADER = "$(TEST_HOST)";
				CODE_SIGN_STYLE = Automatic;
				INFOPLIST_FILE = MarvellAppTests/Info.plist;
				LD_RUNPATH_SEARCH_PATHS = "$(inherited) @executable_path/Frameworks @loader_path/Frameworks";
				PRODUCT_BUNDLE_IDENTIFIER = xxx.MarvellAppTests;
				PRODUCT_NAME = "$(TARGET_NAME)";
				SWIFT_VERSION = 4.0;
				TARGETED_DEVICE_FAMILY = "1,2";
				TEST_HOST = "$(BUILT_PRODUCTS_DIR)/MarvellApp.app/MarvellApp";
			};
			name = Release;
		};
		FE3F03991FFE060E009EAEB8 /* Debug */ = {
			isa = XCBuildConfiguration;
			buildSettings = {
				ALWAYS_EMBED_SWIFT_STANDARD_LIBRARIES = YES;
				CODE_SIGN_STYLE = Automatic;
				INFOPLIST_FILE = MarvellAppUITests/Info.plist;
				LD_RUNPATH_SEARCH_PATHS = "$(inherited) @executable_path/Frameworks @loader_path/Frameworks";
				PRODUCT_BUNDLE_IDENTIFIER = xxx.MarvellAppUITests;
				PRODUCT_NAME = "$(TARGET_NAME)";
				SWIFT_VERSION = 4.0;
				TARGETED_DEVICE_FAMILY = "1,2";
				TEST_TARGET_NAME = MarvellApp;
			};
			name = Debug;
		};
		FE3F039A1FFE060E009EAEB8 /* Release */ = {
			isa = XCBuildConfiguration;
			buildSettings = {
				ALWAYS_EMBED_SWIFT_STANDARD_LIBRARIES = YES;
				CODE_SIGN_STYLE = Automatic;
				INFOPLIST_FILE = MarvellAppUITests/Info.plist;
				LD_RUNPATH_SEARCH_PATHS = "$(inherited) @executable_path/Frameworks @loader_path/Frameworks";
				PRODUCT_BUNDLE_IDENTIFIER = xxx.MarvellAppUITests;
				PRODUCT_NAME = "$(TARGET_NAME)";
				SWIFT_VERSION = 4.0;
				TARGETED_DEVICE_FAMILY = "1,2";
				TEST_TARGET_NAME = MarvellApp;
			};
			name = Release;
		};
/* End XCBuildConfiguration section */

/* Begin XCConfigurationList section */
		FE3F03651FFE060E009EAEB8 /* Build configuration list for PBXProject "MarvellApp" */ = {
			isa = XCConfigurationList;
			buildConfigurations = (
				FE3F03901FFE060E009EAEB8 /* Debug */,
				FE3F03911FFE060E009EAEB8 /* Release */,
			);
			defaultConfigurationIsVisible = 0;
			defaultConfigurationName = Release;
		};
		FE3F03921FFE060E009EAEB8 /* Build configuration list for PBXNativeTarget "MarvellApp" */ = {
			isa = XCConfigurationList;
			buildConfigurations = (
				FE3F03931FFE060E009EAEB8 /* Debug */,
				FE3F03941FFE060E009EAEB8 /* Release */,
			);
			defaultConfigurationIsVisible = 0;
			defaultConfigurationName = Release;
		};
		FE3F03951FFE060E009EAEB8 /* Build configuration list for PBXNativeTarget "MarvellAppTests" */ = {
			isa = XCConfigurationList;
			buildConfigurations = (
				FE3F03961FFE060E009EAEB8 /* Debug */,
				FE3F03971FFE060E009EAEB8 /* Release */,
			);
			defaultConfigurationIsVisible = 0;
			defaultConfigurationName = Release;
		};
		FE3F03981FFE060E009EAEB8 /* Build configuration list for PBXNativeTarget "MarvellAppUITests" */ = {
			isa = XCConfigurationList;
			buildConfigurations = (
				FE3F03991FFE060E009EAEB8 /* Debug */,
				FE3F039A1FFE060E009EAEB8 /* Release */,
			);
			defaultConfigurationIsVisible = 0;
			defaultConfigurationName = Release;
		};
/* End XCConfigurationList section */
	};
	rootObject = FE3F03621FFE060E009EAEB8 /* Project object */;
}
